// !$*UTF8*$!
{
	archiveVersion = 1;
	classes = {
	};
	objectVersion = 50;
	objects = {

/* Begin PBXBuildFile section */
		C714F93B2493B1EC00A1FA5A /* getnameinfo.c in Sources */ = {isa = PBXBuildFile; fileRef = C714F9312493B1EB00A1FA5A /* getnameinfo.c */; };
		C714F93C2493B1EC00A1FA5A /* dns.c in Sources */ = {isa = PBXBuildFile; fileRef = C714F9322493B1EB00A1FA5A /* dns.c */; };
		C714F93D2493B1EC00A1FA5A /* proxy.h in Headers */ = {isa = PBXBuildFile; fileRef = C714F9332493B1EB00A1FA5A /* proxy.h */; };
		C714F93E2493B1EC00A1FA5A /* uthash.h in Headers */ = {isa = PBXBuildFile; fileRef = C714F9342493B1EB00A1FA5A /* uthash.h */; };
		C714F93F2493B1EC00A1FA5A /* libsheerproxy.c in Sources */ = {isa = PBXBuildFile; fileRef = C714F9352493B1EB00A1FA5A /* libsheerproxy.c */; };
		C714F9402493B1EC00A1FA5A /* libsheerproxy.h in Headers */ = {isa = PBXBuildFile; fileRef = C714F9362493B1EC00A1FA5A /* libsheerproxy.h */; };
		C714F9412493B1EC00A1FA5A /* proxy.c in Sources */ = {isa = PBXBuildFile; fileRef = C714F9372493B1EC00A1FA5A /* proxy.c */; };
		C714F9422493B1EC00A1FA5A /* config.c in Sources */ = {isa = PBXBuildFile; fileRef = C714F9382493B1EC00A1FA5A /* config.c */; };
		C714F9432493B1EC00A1FA5A /* dns.h in Headers */ = {isa = PBXBuildFile; fileRef = C714F9392493B1EC00A1FA5A /* dns.h */; };
		C714F9442493B1EC00A1FA5A /* config.h in Headers */ = {isa = PBXBuildFile; fileRef = C714F93A2493B1EC00A1FA5A /* config.h */; };
		C714F9472493D62B00A1FA5A /* connect.h in Headers */ = {isa = PBXBuildFile; fileRef = C714F9452493D62B00A1FA5A /* connect.h */; };
		C714F9482493D62B00A1FA5A /* connect.c in Sources */ = {isa = PBXBuildFile; fileRef = C714F9462493D62B00A1FA5A /* connect.c */; };
		C714F94B249466DB00A1FA5A /* getaddrinfo.h in Headers */ = {isa = PBXBuildFile; fileRef = C714F949249466DB00A1FA5A /* getaddrinfo.h */; };
		C714F94C249466DB00A1FA5A /* getaddrinfo.c in Sources */ = {isa = PBXBuildFile; fileRef = C714F94A249466DB00A1FA5A /* getaddrinfo.c */; };
		C714F94F2494C8BB00A1FA5A /* addr.h in Headers */ = {isa = PBXBuildFile; fileRef = C714F94D2494C8BB00A1FA5A /* addr.h */; };
		C714F9502494C8BB00A1FA5A /* addr.c in Sources */ = {isa = PBXBuildFile; fileRef = C714F94E2494C8BB00A1FA5A /* addr.c */; };
		C72F9FAC2495B94100649348 /* service.h in Headers */ = {isa = PBXBuildFile; fileRef = C72F9FAA2495B94100649348 /* service.h */; };
		C72F9FAD2495B94100649348 /* service.c in Sources */ = {isa = PBXBuildFile; fileRef = C72F9FAB2495B94100649348 /* service.c */; };
		C74794C424E8EB7400183C87 /* ap_base64.h in Headers */ = {isa = PBXBuildFile; fileRef = C74794C224E8EB7400183C87 /* ap_base64.h */; };
		C74794C524E8EB7400183C87 /* ap_base64.c in Sources */ = {isa = PBXBuildFile; fileRef = C74794C324E8EB7400183C87 /* ap_base64.c */; };
		C74794C824E93B5B00183C87 /* http.h in Headers */ = {isa = PBXBuildFile; fileRef = C74794C624E93B5B00183C87 /* http.h */; };
		C74794C924E93B5B00183C87 /* http.c in Sources */ = {isa = PBXBuildFile; fileRef = C74794C724E93B5B00183C87 /* http.c */; };
/* End PBXBuildFile section */

/* Begin PBXFileReference section */
		C714F91E2493953300A1FA5A /* libsheerproxy.dylib */ = {isa = PBXFileReference; explicitFileType = "compiled.mach-o.dylib"; includeInIndex = 0; path = libsheerproxy.dylib; sourceTree = BUILT_PRODUCTS_DIR; };
		C714F927249395B000A1FA5A /* tests */ = {isa = PBXFileReference; lastKnownFileType = folder; path = tests; sourceTree = "<group>"; };
		C714F928249395B500A1FA5A /* devenv */ = {isa = PBXFileReference; lastKnownFileType = folder; path = devenv; sourceTree = "<group>"; };
		C714F929249395BA00A1FA5A /* tools */ = {isa = PBXFileReference; lastKnownFileType = folder; path = tools; sourceTree = "<group>"; };
		C714F92A249395CE00A1FA5A /* configure */ = {isa = PBXFileReference; lastKnownFileType = text.script.sh; path = configure; sourceTree = "<group>"; };
		C714F92B249395CE00A1FA5A /* sheerproxy.conf */ = {isa = PBXFileReference; lastKnownFileType = text; path = sheerproxy.conf; sourceTree = "<group>"; };
		C714F92C249395CE00A1FA5A /* Makefile */ = {isa = PBXFileReference; lastKnownFileType = sourcecode.make; path = Makefile; sourceTree = "<group>"; };
		C714F92D249395FF00A1FA5A /* .gitignore */ = {isa = PBXFileReference; lastKnownFileType = text; path = .gitignore; sourceTree = "<group>"; };
		C714F9312493B1EB00A1FA5A /* getnameinfo.c */ = {isa = PBXFileReference; fileEncoding = 4; lastKnownFileType = sourcecode.c.c; path = getnameinfo.c; sourceTree = "<group>"; };
		C714F9322493B1EB00A1FA5A /* dns.c */ = {isa = PBXFileReference; fileEncoding = 4; lastKnownFileType = sourcecode.c.c; path = dns.c; sourceTree = "<group>"; };
		C714F9332493B1EB00A1FA5A /* proxy.h */ = {isa = PBXFileReference; fileEncoding = 4; lastKnownFileType = sourcecode.c.h; path = proxy.h; sourceTree = "<group>"; };
		C714F9342493B1EB00A1FA5A /* uthash.h */ = {isa = PBXFileReference; fileEncoding = 4; lastKnownFileType = sourcecode.c.h; path = uthash.h; sourceTree = "<group>"; };
		C714F9352493B1EB00A1FA5A /* libsheerproxy.c */ = {isa = PBXFileReference; fileEncoding = 4; lastKnownFileType = sourcecode.c.c; path = libsheerproxy.c; sourceTree = "<group>"; };
		C714F9362493B1EC00A1FA5A /* libsheerproxy.h */ = {isa = PBXFileReference; fileEncoding = 4; lastKnownFileType = sourcecode.c.h; path = libsheerproxy.h; sourceTree = "<group>"; };
		C714F9372493B1EC00A1FA5A /* proxy.c */ = {isa = PBXFileReference; fileEncoding = 4; lastKnownFileType = sourcecode.c.c; path = proxy.c; sourceTree = "<group>"; };
		C714F9382493B1EC00A1FA5A /* config.c */ = {isa = PBXFileReference; fileEncoding = 4; lastKnownFileType = sourcecode.c.c; path = config.c; sourceTree = "<group>"; };
		C714F9392493B1EC00A1FA5A /* dns.h */ = {isa = PBXFileReference; fileEncoding = 4; lastKnownFileType = sourcecode.c.h; path = dns.h; sourceTree = "<group>"; };
		C714F93A2493B1EC00A1FA5A /* config.h */ = {isa = PBXFileReference; fileEncoding = 4; lastKnownFileType = sourcecode.c.h; path = config.h; sourceTree = "<group>"; };
		C714F9452493D62B00A1FA5A /* connect.h */ = {isa = PBXFileReference; lastKnownFileType = sourcecode.c.h; path = connect.h; sourceTree = "<group>"; };
		C714F9462493D62B00A1FA5A /* connect.c */ = {isa = PBXFileReference; lastKnownFileType = sourcecode.c.c; path = connect.c; sourceTree = "<group>"; };
		C714F949249466DB00A1FA5A /* getaddrinfo.h */ = {isa = PBXFileReference; lastKnownFileType = sourcecode.c.h; path = getaddrinfo.h; sourceTree = "<group>"; };
		C714F94A249466DB00A1FA5A /* getaddrinfo.c */ = {isa = PBXFileReference; lastKnownFileType = sourcecode.c.c; path = getaddrinfo.c; sourceTree = "<group>"; };
		C714F94D2494C8BB00A1FA5A /* addr.h */ = {isa = PBXFileReference; lastKnownFileType = sourcecode.c.h; path = addr.h; sourceTree = "<group>"; };
		C714F94E2494C8BB00A1FA5A /* addr.c */ = {isa = PBXFileReference; lastKnownFileType = sourcecode.c.c; path = addr.c; sourceTree = "<group>"; };
		C72F9FAA2495B94100649348 /* service.h */ = {isa = PBXFileReference; lastKnownFileType = sourcecode.c.h; path = service.h; sourceTree = "<group>"; };
		C72F9FAB2495B94100649348 /* service.c */ = {isa = PBXFileReference; lastKnownFileType = sourcecode.c.c; path = service.c; sourceTree = "<group>"; };
		C74794C224E8EB7400183C87 /* ap_base64.h */ = {isa = PBXFileReference; lastKnownFileType = sourcecode.c.h; path = ap_base64.h; sourceTree = "<group>"; };
		C74794C324E8EB7400183C87 /* ap_base64.c */ = {isa = PBXFileReference; lastKnownFileType = sourcecode.c.c; path = ap_base64.c; sourceTree = "<group>"; };
		C74794C624E93B5B00183C87 /* http.h */ = {isa = PBXFileReference; lastKnownFileType = sourcecode.c.h; path = http.h; sourceTree = "<group>"; };
		C74794C724E93B5B00183C87 /* http.c */ = {isa = PBXFileReference; lastKnownFileType = sourcecode.c.c; path = http.c; sourceTree = "<group>"; };
		C74794CB24EBFE9000183C87 /* README.md */ = {isa = PBXFileReference; fileEncoding = 4; lastKnownFileType = net.daringfireball.markdown; path = README.md; sourceTree = "<group>"; };
		C74794CC24EC20F000183C87 /* LICENSE */ = {isa = PBXFileReference; lastKnownFileType = text; path = LICENSE; sourceTree = "<group>"; };
/* End PBXFileReference section */

/* Begin PBXFrameworksBuildPhase section */
		C714F91C2493953300A1FA5A /* Frameworks */ = {
			isa = PBXFrameworksBuildPhase;
			buildActionMask = 2147483647;
			files = (
			);
			runOnlyForDeploymentPostprocessing = 0;
		};
/* End PBXFrameworksBuildPhase section */

/* Begin PBXGroup section */
		C714F9152493953300A1FA5A = {
			isa = PBXGroup;
			children = (
				C74794CC24EC20F000183C87 /* LICENSE */,
				C74794CB24EBFE9000183C87 /* README.md */,
				C714F92D249395FF00A1FA5A /* .gitignore */,
				C714F92A249395CE00A1FA5A /* configure */,
				C714F92C249395CE00A1FA5A /* Makefile */,
				C714F92B249395CE00A1FA5A /* sheerproxy.conf */,
				C714F9302493B1B000A1FA5A /* sheerproxy */,
				C714F927249395B000A1FA5A /* tests */,
				C714F929249395BA00A1FA5A /* tools */,
				C714F928249395B500A1FA5A /* devenv */,
				C714F91F2493953300A1FA5A /* Products */,
			);
			sourceTree = "<group>";
		};
		C714F91F2493953300A1FA5A /* Products */ = {
			isa = PBXGroup;
			children = (
				C714F91E2493953300A1FA5A /* libsheerproxy.dylib */,
			);
			name = Products;
			sourceTree = "<group>";
		};
		C714F9302493B1B000A1FA5A /* sheerproxy */ = {
			isa = PBXGroup;
			children = (
				C714F9362493B1EC00A1FA5A /* libsheerproxy.h */,
				C714F9352493B1EB00A1FA5A /* libsheerproxy.c */,
				C714F93A2493B1EC00A1FA5A /* config.h */,
				C714F9382493B1EC00A1FA5A /* config.c */,
				C714F9332493B1EB00A1FA5A /* proxy.h */,
				C714F9372493B1EC00A1FA5A /* proxy.c */,
				C714F9342493B1EB00A1FA5A /* uthash.h */,
				C714F9392493B1EC00A1FA5A /* dns.h */,
				C714F9322493B1EB00A1FA5A /* dns.c */,
				C714F9452493D62B00A1FA5A /* connect.h */,
				C714F9462493D62B00A1FA5A /* connect.c */,
				C714F949249466DB00A1FA5A /* getaddrinfo.h */,
				C714F94A249466DB00A1FA5A /* getaddrinfo.c */,
				C714F9312493B1EB00A1FA5A /* getnameinfo.c */,
				C714F94D2494C8BB00A1FA5A /* addr.h */,
				C714F94E2494C8BB00A1FA5A /* addr.c */,
				C72F9FAA2495B94100649348 /* service.h */,
				C72F9FAB2495B94100649348 /* service.c */,
				C74794C224E8EB7400183C87 /* ap_base64.h */,
				C74794C324E8EB7400183C87 /* ap_base64.c */,
				C74794C624E93B5B00183C87 /* http.h */,
				C74794C724E93B5B00183C87 /* http.c */,
			);
			path = sheerproxy;
			sourceTree = "<group>";
		};
/* End PBXGroup section */

/* Begin PBXHeadersBuildPhase section */
		C714F91A2493953300A1FA5A /* Headers */ = {
			isa = PBXHeadersBuildPhase;
			buildActionMask = 2147483647;
			files = (
				C714F93D2493B1EC00A1FA5A /* proxy.h in Headers */,
				C714F9432493B1EC00A1FA5A /* dns.h in Headers */,
				C714F9402493B1EC00A1FA5A /* libsheerproxy.h in Headers */,
				C72F9FAC2495B94100649348 /* service.h in Headers */,
				C74794C424E8EB7400183C87 /* ap_base64.h in Headers */,
				C714F9472493D62B00A1FA5A /* connect.h in Headers */,
				C714F93E2493B1EC00A1FA5A /* uthash.h in Headers */,
				C74794C824E93B5B00183C87 /* http.h in Headers */,
				C714F9442493B1EC00A1FA5A /* config.h in Headers */,
				C714F94B249466DB00A1FA5A /* getaddrinfo.h in Headers */,
				C714F94F2494C8BB00A1FA5A /* addr.h in Headers */,
			);
			runOnlyForDeploymentPostprocessing = 0;
		};
/* End PBXHeadersBuildPhase section */

/* Begin PBXNativeTarget section */
		C714F91D2493953300A1FA5A /* sheerproxy */ = {
			isa = PBXNativeTarget;
			buildConfigurationList = C714F9222493953300A1FA5A /* Build configuration list for PBXNativeTarget "sheerproxy" */;
			buildPhases = (
				C714F91A2493953300A1FA5A /* Headers */,
				C714F91B2493953300A1FA5A /* Sources */,
				C714F91C2493953300A1FA5A /* Frameworks */,
			);
			buildRules = (
			);
			dependencies = (
			);
			name = sheerproxy;
			productName = sheerproxy;
			productReference = C714F91E2493953300A1FA5A /* libsheerproxy.dylib */;
			productType = "com.apple.product-type.library.dynamic";
		};
/* End PBXNativeTarget section */

/* Begin PBXProject section */
		C714F9162493953300A1FA5A /* Project object */ = {
			isa = PBXProject;
			attributes = {
				LastUpgradeCheck = 1150;
				TargetAttributes = {
					C714F91D2493953300A1FA5A = {
						CreatedOnToolsVersion = 11.5;
					};
				};
			};
			buildConfigurationList = C714F9192493953300A1FA5A /* Build configuration list for PBXProject "sheerproxy" */;
			compatibilityVersion = "Xcode 9.3";
			developmentRegion = en;
			hasScannedForEncodings = 0;
			knownRegions = (
				en,
				Base,
			);
			mainGroup = C714F9152493953300A1FA5A;
			productRefGroup = C714F91F2493953300A1FA5A /* Products */;
			projectDirPath = "";
			projectRoot = "";
			targets = (
				C714F91D2493953300A1FA5A /* sheerproxy */,
			);
		};
/* End PBXProject section */

/* Begin PBXSourcesBuildPhase section */
		C714F91B2493953300A1FA5A /* Sources */ = {
			isa = PBXSourcesBuildPhase;
			buildActionMask = 2147483647;
			files = (
				C714F9482493D62B00A1FA5A /* connect.c in Sources */,
				C74794C924E93B5B00183C87 /* http.c in Sources */,
				C714F93C2493B1EC00A1FA5A /* dns.c in Sources */,
				C714F9502494C8BB00A1FA5A /* addr.c in Sources */,
				C72F9FAD2495B94100649348 /* service.c in Sources */,
				C714F93B2493B1EC00A1FA5A /* getnameinfo.c in Sources */,
				C714F9412493B1EC00A1FA5A /* proxy.c in Sources */,
				C714F93F2493B1EC00A1FA5A /* libsheerproxy.c in Sources */,
				C714F94C249466DB00A1FA5A /* getaddrinfo.c in Sources */,
				C714F9422493B1EC00A1FA5A /* config.c in Sources */,
				C74794C524E8EB7400183C87 /* ap_base64.c in Sources */,
			);
			runOnlyForDeploymentPostprocessing = 0;
		};
/* End PBXSourcesBuildPhase section */

/* Begin XCBuildConfiguration section */
		C714F9202493953300A1FA5A /* Debug */ = {
			isa = XCBuildConfiguration;
			buildSettings = {
				ALWAYS_SEARCH_USER_PATHS = NO;
				CLANG_ANALYZER_NONNULL = YES;
				CLANG_ANALYZER_NUMBER_OBJECT_CONVERSION = YES_AGGRESSIVE;
				CLANG_CXX_LANGUAGE_STANDARD = "gnu++14";
				CLANG_CXX_LIBRARY = "libc++";
				CLANG_ENABLE_MODULES = YES;
				CLANG_ENABLE_OBJC_ARC = YES;
				CLANG_ENABLE_OBJC_WEAK = YES;
				CLANG_WARN_BLOCK_CAPTURE_AUTORELEASING = YES;
				CLANG_WARN_BOOL_CONVERSION = YES;
				CLANG_WARN_COMMA = YES;
				CLANG_WARN_CONSTANT_CONVERSION = YES;
				CLANG_WARN_DEPRECATED_OBJC_IMPLEMENTATIONS = YES;
				CLANG_WARN_DIRECT_OBJC_ISA_USAGE = YES_ERROR;
				CLANG_WARN_DOCUMENTATION_COMMENTS = YES;
				CLANG_WARN_EMPTY_BODY = YES;
				CLANG_WARN_ENUM_CONVERSION = YES;
				CLANG_WARN_INFINITE_RECURSION = YES;
				CLANG_WARN_INT_CONVERSION = YES;
				CLANG_WARN_NON_LITERAL_NULL_CONVERSION = YES;
				CLANG_WARN_OBJC_IMPLICIT_RETAIN_SELF = YES;
				CLANG_WARN_OBJC_LITERAL_CONVERSION = YES;
				CLANG_WARN_OBJC_ROOT_CLASS = YES_ERROR;
				CLANG_WARN_RANGE_LOOP_ANALYSIS = YES;
				CLANG_WARN_STRICT_PROTOTYPES = YES;
				CLANG_WARN_SUSPICIOUS_MOVE = YES;
				CLANG_WARN_UNGUARDED_AVAILABILITY = YES_AGGRESSIVE;
				CLANG_WARN_UNREACHABLE_CODE = YES;
				CLANG_WARN__DUPLICATE_METHOD_MATCH = YES;
				COPY_PHASE_STRIP = NO;
				DEBUG_INFORMATION_FORMAT = dwarf;
				ENABLE_STRICT_OBJC_MSGSEND = YES;
				ENABLE_TESTABILITY = YES;
				GCC_C_LANGUAGE_STANDARD = gnu11;
				GCC_DYNAMIC_NO_PIC = NO;
				GCC_NO_COMMON_BLOCKS = YES;
				GCC_OPTIMIZATION_LEVEL = 0;
				GCC_PREPROCESSOR_DEFINITIONS = (
					"DEBUG=1",
					"$(inherited)",
				);
				GCC_WARN_64_TO_32_BIT_CONVERSION = YES;
				GCC_WARN_ABOUT_RETURN_TYPE = YES_ERROR;
				GCC_WARN_UNDECLARED_SELECTOR = YES;
				GCC_WARN_UNINITIALIZED_AUTOS = YES_AGGRESSIVE;
				GCC_WARN_UNUSED_FUNCTION = YES;
				GCC_WARN_UNUSED_VARIABLE = YES;
				MACOSX_DEPLOYMENT_TARGET = 10.15;
				MTL_ENABLE_DEBUG_INFO = INCLUDE_SOURCE;
				MTL_FAST_MATH = YES;
				ONLY_ACTIVE_ARCH = YES;
				SDKROOT = macosx;
			};
			name = Debug;
		};
		C714F9212493953300A1FA5A /* Release */ = {
			isa = XCBuildConfiguration;
			buildSettings = {
				ALWAYS_SEARCH_USER_PATHS = NO;
				CLANG_ANALYZER_NONNULL = YES;
				CLANG_ANALYZER_NUMBER_OBJECT_CONVERSION = YES_AGGRESSIVE;
				CLANG_CXX_LANGUAGE_STANDARD = "gnu++14";
				CLANG_CXX_LIBRARY = "libc++";
				CLANG_ENABLE_MODULES = YES;
				CLANG_ENABLE_OBJC_ARC = YES;
				CLANG_ENABLE_OBJC_WEAK = YES;
				CLANG_WARN_BLOCK_CAPTURE_AUTORELEASING = YES;
				CLANG_WARN_BOOL_CONVERSION = YES;
				CLANG_WARN_COMMA = YES;
				CLANG_WARN_CONSTANT_CONVERSION = YES;
				CLANG_WARN_DEPRECATED_OBJC_IMPLEMENTATIONS = YES;
				CLANG_WARN_DIRECT_OBJC_ISA_USAGE = YES_ERROR;
				CLANG_WARN_DOCUMENTATION_COMMENTS = YES;
				CLANG_WARN_EMPTY_BODY = YES;
				CLANG_WARN_ENUM_CONVERSION = YES;
				CLANG_WARN_INFINITE_RECURSION = YES;
				CLANG_WARN_INT_CONVERSION = YES;
				CLANG_WARN_NON_LITERAL_NULL_CONVERSION = YES;
				CLANG_WARN_OBJC_IMPLICIT_RETAIN_SELF = YES;
				CLANG_WARN_OBJC_LITERAL_CONVERSION = YES;
				CLANG_WARN_OBJC_ROOT_CLASS = YES_ERROR;
				CLANG_WARN_RANGE_LOOP_ANALYSIS = YES;
				CLANG_WARN_STRICT_PROTOTYPES = YES;
				CLANG_WARN_SUSPICIOUS_MOVE = YES;
				CLANG_WARN_UNGUARDED_AVAILABILITY = YES_AGGRESSIVE;
				CLANG_WARN_UNREACHABLE_CODE = YES;
				CLANG_WARN__DUPLICATE_METHOD_MATCH = YES;
				COPY_PHASE_STRIP = NO;
				DEBUG_INFORMATION_FORMAT = "dwarf-with-dsym";
				ENABLE_NS_ASSERTIONS = NO;
				ENABLE_STRICT_OBJC_MSGSEND = YES;
				GCC_C_LANGUAGE_STANDARD = gnu11;
				GCC_NO_COMMON_BLOCKS = YES;
				GCC_WARN_64_TO_32_BIT_CONVERSION = YES;
				GCC_WARN_ABOUT_RETURN_TYPE = YES_ERROR;
				GCC_WARN_UNDECLARED_SELECTOR = YES;
				GCC_WARN_UNINITIALIZED_AUTOS = YES_AGGRESSIVE;
				GCC_WARN_UNUSED_FUNCTION = YES;
				GCC_WARN_UNUSED_VARIABLE = YES;
				MACOSX_DEPLOYMENT_TARGET = 10.15;
				MTL_ENABLE_DEBUG_INFO = NO;
				MTL_FAST_MATH = YES;
				SDKROOT = macosx;
			};
			name = Release;
		};
		C714F9232493953300A1FA5A /* Debug */ = {
			isa = XCBuildConfiguration;
			buildSettings = {
				CODE_SIGN_STYLE = Automatic;
				DYLIB_COMPATIBILITY_VERSION = 1;
				DYLIB_CURRENT_VERSION = 1;
				EXECUTABLE_PREFIX = lib;
				PRODUCT_NAME = "$(TARGET_NAME)";
				SKIP_INSTALL = YES;
			};
			name = Debug;
		};
		C714F9242493953300A1FA5A /* Release */ = {
			isa = XCBuildConfiguration;
			buildSettings = {
				CODE_SIGN_STYLE = Automatic;
				DYLIB_COMPATIBILITY_VERSION = 1;
				DYLIB_CURRENT_VERSION = 1;
				EXECUTABLE_PREFIX = lib;
				PRODUCT_NAME = "$(TARGET_NAME)";
				SKIP_INSTALL = YES;
			};
			name = Release;
		};
/* End XCBuildConfiguration section */

/* Begin XCConfigurationList section */
		C714F9192493953300A1FA5A /* Build configuration list for PBXProject "sheerproxy" */ = {
			isa = XCConfigurationList;
			buildConfigurations = (
				C714F9202493953300A1FA5A /* Debug */,
				C714F9212493953300A1FA5A /* Release */,
			);
			defaultConfigurationIsVisible = 0;
			defaultConfigurationName = Release;
		};
		C714F9222493953300A1FA5A /* Build configuration list for PBXNativeTarget "sheerproxy" */ = {
			isa = XCConfigurationList;
			buildConfigurations = (
				C714F9232493953300A1FA5A /* Debug */,
				C714F9242493953300A1FA5A /* Release */,
			);
			defaultConfigurationIsVisible = 0;
			defaultConfigurationName = Release;
		};
/* End XCConfigurationList section */
	};
	rootObject = C714F9162493953300A1FA5A /* Project object */;
}
